
Microsoft Visual Studio Solution File, Format Version 12.00
# Visual Studio Version 16
VisualStudioVersion = 16.0.31702.278
MinimumVisualStudioVersion = 10.0.40219.1
Project("{FAE04EC0-301F-11D3-BF4B-00C04F79EFBC}") = "BankApp.CLI", "BankApp.CLI\BankApp.CLI.csproj", "{8F0A7E57-7AD5-463E-A776-9F3963A8647B}"
EndProject
Project("{FAE04EC0-301F-11D3-BF4B-00C04F79EFBC}") = "BankApp.Models", "BankApp.Models\BankApp.Models.csproj", "{182934BF-4DE8-4A96-A566-5FA1000EBDE4}"
EndProject
Project("{FAE04EC0-301F-11D3-BF4B-00C04F79EFBC}") = "BankApp.Services", "BankApp.Services\BankApp.Services.csproj", "{C16F8698-1B90-41BF-B031-AE994DB6549A}"
EndProject
Global
	GlobalSection(SolutionConfigurationPlatforms) = preSolution
		Debug|Any CPU = Debug|Any CPU
		Release|Any CPU = Release|Any CPU
	EndGlobalSection
	GlobalSection(ProjectConfigurationPlatforms) = postSolution
		{8F0A7E57-7AD5-463E-A776-9F3963A8647B}.Debug|Any CPU.ActiveCfg = Debug|Any CPU
		{8F0A7E57-7AD5-463E-A776-9F3963A8647B}.Debug|Any CPU.Build.0 = Debug|Any CPU
		{8F0A7E57-7AD5-463E-A776-9F3963A8647B}.Release|Any CPU.ActiveCfg = Release|Any CPU
		{8F0A7E57-7AD5-463E-A776-9F3963A8647B}.Release|Any CPU.Build.0 = Release|Any CPU
		{182934BF-4DE8-4A96-A566-5FA1000EBDE4}.Debug|Any CPU.ActiveCfg = Debug|Any CPU
		{182934BF-4DE8-4A96-A566-5FA1000EBDE4}.Debug|Any CPU.Build.0 = Debug|Any CPU
		{182934BF-4DE8-4A96-A566-5FA1000EBDE4}.Release|Any CPU.ActiveCfg = Release|Any CPU
		{182934BF-4DE8-4A96-A566-5FA1000EBDE4}.Release|Any CPU.Build.0 = Release|Any CPU
		{C16F8698-1B90-41BF-B031-AE994DB6549A}.Debug|Any CPU.ActiveCfg = Debug|Any CPU
		{C16F8698-1B90-41BF-B031-AE994DB6549A}.Debug|Any CPU.Build.0 = Debug|Any CPU
		{C16F8698-1B90-41BF-B031-AE994DB6549A}.Release|Any CPU.ActiveCfg = Release|Any CPU
		{C16F8698-1B90-41BF-B031-AE994DB6549A}.Release|Any CPU.Build.0 = Release|Any CPU
	EndGlobalSection
	GlobalSection(SolutionProperties) = preSolution
		HideSolutionNode = FALSE
	EndGlobalSection
	GlobalSection(ExtensibilityGlobals) = postSolution
		SolutionGuid = {1D6C163A-2C0E-4E21-BE4B-1F0E11F3332F}
	EndGlobalSection
EndGlobal
